
Microsoft Visual Studio Solution File, Format Version 12.00
# Visual Studio Version 17
VisualStudioVersion = 17.11.35327.3
MinimumVisualStudioVersion = 10.0.40219.1
Project("{2150E333-8FDC-42A3-9474-1A3956D46DE8}") = "src", "src", "{C8AA8D90-436C-45F9-890E-38D9630ECDC7}"
EndProject
Project("{FAE04EC0-301F-11D3-BF4B-00C04F79EFBC}") = "Masasamjant.FileRenameManager", "Masasamjant.FileRenameManager\Masasamjant.FileRenameManager.csproj", "{6898E53D-D828-4DD6-9176-CD9A52F0D9FF}"
EndProject
Global
	GlobalSection(SolutionConfigurationPlatforms) = preSolution
		Debug|Any CPU = Debug|Any CPU
		Release|Any CPU = Release|Any CPU
	EndGlobalSection
	GlobalSection(ProjectConfigurationPlatforms) = postSolution
		{6898E53D-D828-4DD6-9176-CD9A52F0D9FF}.Debug|Any CPU.ActiveCfg = Debug|Any CPU
		{6898E53D-D828-4DD6-9176-CD9A52F0D9FF}.Debug|Any CPU.Build.0 = Debug|Any CPU
		{6898E53D-D828-4DD6-9176-CD9A52F0D9FF}.Release|Any CPU.ActiveCfg = Release|Any CPU
		{6898E53D-D828-4DD6-9176-CD9A52F0D9FF}.Release|Any CPU.Build.0 = Release|Any CPU
	EndGlobalSection
	GlobalSection(SolutionProperties) = preSolution
		HideSolutionNode = FALSE
	EndGlobalSection
	GlobalSection(NestedProjects) = preSolution
		{6898E53D-D828-4DD6-9176-CD9A52F0D9FF} = {C8AA8D90-436C-45F9-890E-38D9630ECDC7}
	EndGlobalSection
	GlobalSection(ExtensibilityGlobals) = postSolution
		SolutionGuid = {8BD2B431-1462-4622-B9A1-B1B6A829DF2B}
	EndGlobalSection
EndGlobal
